
Microsoft Visual Studio Solution File, Format Version 12.00
# Visual Studio 15
VisualStudioVersion = 15.0.27703.2042
MinimumVisualStudioVersion = 10.0.40219.1
Project("{9A19103F-16F7-4668-BE54-9A1E7A4F7556}") = "Towns", "Towns\Towns.csproj", "{162B30F9-C3CB-4380-9B75-451D93FF14E0}"
EndProject
Project("{FAE04EC0-301F-11D3-BF4B-00C04F79EFBC}") = "ReadAndParseShit", "ReadAndParseShit\ReadAndParseShit.csproj", "{8FB3AE8D-B2BB-4BBC-AD50-DCBAE0D310E4}"
EndProject
Global
	GlobalSection(SolutionConfigurationPlatforms) = preSolution
		Debug|Any CPU = Debug|Any CPU
		Release|Any CPU = Release|Any CPU
	EndGlobalSection
	GlobalSection(ProjectConfigurationPlatforms) = postSolution
		{162B30F9-C3CB-4380-9B75-451D93FF14E0}.Debug|Any CPU.ActiveCfg = Debug|Any CPU
		{162B30F9-C3CB-4380-9B75-451D93FF14E0}.Debug|Any CPU.Build.0 = Debug|Any CPU
		{162B30F9-C3CB-4380-9B75-451D93FF14E0}.Release|Any CPU.ActiveCfg = Release|Any CPU
		{162B30F9-C3CB-4380-9B75-451D93FF14E0}.Release|Any CPU.Build.0 = Release|Any CPU
		{8FB3AE8D-B2BB-4BBC-AD50-DCBAE0D310E4}.Debug|Any CPU.ActiveCfg = Debug|Any CPU
		{8FB3AE8D-B2BB-4BBC-AD50-DCBAE0D310E4}.Debug|Any CPU.Build.0 = Debug|Any CPU
		{8FB3AE8D-B2BB-4BBC-AD50-DCBAE0D310E4}.Release|Any CPU.ActiveCfg = Release|Any CPU
		{8FB3AE8D-B2BB-4BBC-AD50-DCBAE0D310E4}.Release|Any CPU.Build.0 = Release|Any CPU
	EndGlobalSection
	GlobalSection(SolutionProperties) = preSolution
		HideSolutionNode = FALSE
	EndGlobalSection
	GlobalSection(ExtensibilityGlobals) = postSolution
		SolutionGuid = {DF25E057-B16B-4F94-B038-4736F925E606}
	EndGlobalSection
EndGlobal
